
Microsoft Visual Studio Solution File, Format Version 12.00
# Visual Studio Version 16
VisualStudioVersion = 16.0.30621.155
MinimumVisualStudioVersion = 10.0.40219.1
Project("{FAE04EC0-301F-11D3-BF4B-00C04F79EFBC}") = "Dwarfs Project", "Dwarfs Project\Dwarfs Project.csproj", "{17B741D9-4CBF-4FEB-89B1-BF9EF549E203}"
EndProject
Global
	GlobalSection(SolutionConfigurationPlatforms) = preSolution
		Debug|Any CPU = Debug|Any CPU
		Release|Any CPU = Release|Any CPU
	EndGlobalSection
	GlobalSection(ProjectConfigurationPlatforms) = postSolution
		{17B741D9-4CBF-4FEB-89B1-BF9EF549E203}.Debug|Any CPU.ActiveCfg = Debug|Any CPU
		{17B741D9-4CBF-4FEB-89B1-BF9EF549E203}.Debug|Any CPU.Build.0 = Debug|Any CPU
		{17B741D9-4CBF-4FEB-89B1-BF9EF549E203}.Release|Any CPU.ActiveCfg = Release|Any CPU
		{17B741D9-4CBF-4FEB-89B1-BF9EF549E203}.Release|Any CPU.Build.0 = Release|Any CPU
	EndGlobalSection
	GlobalSection(SolutionProperties) = preSolution
		HideSolutionNode = FALSE
	EndGlobalSection
	GlobalSection(ExtensibilityGlobals) = postSolution
		SolutionGuid = {4DED8A5A-5A14-49F4-A2E7-EE4AA6371257}
	EndGlobalSection
EndGlobal
